# THIS IS AN AUTOGENERATED FILE. DO NOT EDIT THIS FILE DIRECTLY.
# yarn lockfile v1


"@types/geojson@^7946.0.10":
  version "7946.0.10"
  resolved "https://registry.yarnpkg.com/@types/geojson/-/geojson-7946.0.10.tgz#6dfbf5ea17142f7f9a043809f1cd4c448cb68249"
  integrity sha512-Nmh0K3iWQJzniTuPRcJn5hxXkfB1T1pgB89SBig5PlJQU5yocazeu4jATJlaA0GYFKWMqDdvYemoSnF2pXgLVA==

base64-js@^1.3.1:
  version "1.5.1"
  resolved "https://registry.yarnpkg.com/base64-js/-/base64-js-1.5.1.tgz#1b1b440160a5bf7ad40b650f095963481903930a"
  integrity sha512-AKpaYlHn8t4SVbOHCy+b5+KKgvR4vrsD8vbvrbiQJps7fKDTkjkDry6ji0rUJjC0kzbNePLwzxq8iypo41qeWA==

buffer@^5.4.3:
  version "5.7.1"
  resolved "https://registry.yarnpkg.com/buffer/-/buffer-5.7.1.tgz#ba62e7c13133053582197160851a8f648e99eed0"
  integrity sha512-EHcyIPBQ4BSGlvjB16k5KgAJ27CIsHY/2JBmCRReo48y9rQ3MaUzWX3KVlBa4U7MyX02HdVj0K7C3WaB3ju7FQ==
  dependencies:
    base64-js "^1.3.1"
    ieee754 "^1.1.13"

ieee754@^1.1.13:
  version "1.2.1"
  resolved "https://registry.yarnpkg.com/ieee754/-/ieee754-1.2.1.tgz#8eb7a10a63fff25d15a57b001586d177d1b0d352"
  integrity sha512-dcyqhDvX1C46lXZcVqCpK+FtMRQVdIMN6/Df5js2zouUsqG7I6sFxitIC+7KYK29KdXOLHdu9zL4sFnoVQnqaA==

"js-tokens@^3.0.0 || ^4.0.0":
  version "4.0.0"
  resolved "https://registry.yarnpkg.com/js-tokens/-/js-tokens-4.0.0.tgz#19203fb59991df98e3a287050d4647cdeaf32499"
  integrity sha512-RdJUflcE3cUzKiMqQgsCu06FPu9UdIJO0beYbPhHN4k6apgJtifcoCtT9bcxOpYBtpD2kCM6Sbzg4CausW/PKQ==

loose-envify@^1.4.0:
  version "1.4.0"
  resolved "https://registry.yarnpkg.com/loose-envify/-/loose-envify-1.4.0.tgz#71ee51fa7be4caec1a63839f7e682d8132d30caf"
  integrity sha512-lyuxPGr/Wfhrlem2CL/UcnUc1zcqKAImBDzukY7Y5F/yQiNdko6+fRLevlw1HgMySw7f611UIY408EtxRSoK3Q==
  dependencies:
    js-tokens "^3.0.0 || ^4.0.0"

object-assign@^4.1.1:
  version "4.1.1"
  resolved "https://registry.yarnpkg.com/object-assign/-/object-assign-4.1.1.tgz#2109adc7965887cfc05cbbd442cac8bfbb360863"
  integrity sha512-rJgTQnkUnH1sFw8yT6VSU3zD3sWmu6sZhIseY8VX+GRu3P6F7Fu+JNDoXfklElbLJSnc3FUQHVe4cU5hj+BcUg==

prop-types@^15.6.0, prop-types@^15.7.2:
  version "15.8.1"
  resolved "https://registry.yarnpkg.com/prop-types/-/prop-types-15.8.1.tgz#67d87bf1a694f48435cf332c24af10214a3140b5"
  integrity sha512-oj87CgZICdulUohogVAR7AjlC0327U4el4L6eAvOqCeudMDVU0NThNaV+b9Df4dXgSP1gXMTnPdhfe/2qDH5cg==
  dependencies:
    loose-envify "^1.4.0"
    object-assign "^4.1.1"
    react-is "^16.13.1"

punycode@^2.1.1:
  version "2.3.0"
  resolved "https://registry.yarnpkg.com/punycode/-/punycode-2.3.0.tgz#f67fa67c94da8f4d0cfff981aee4118064199b8f"
  integrity sha512-rRV+zQD8tVFys26lAGR9WUuS4iUAngJScM+ZRSKtvl5tKeZ2t5bvdNFdNHBW9FWR4guGHlgmsZ1G7BSm2wTbuA==

react-currency-formatter@^1.1.0:
  version "1.1.0"
  resolved "https://registry.yarnpkg.com/react-currency-formatter/-/react-currency-formatter-1.1.0.tgz#69296c82efd6ef7a9e74bcae52414a5e23bcdba2"
  integrity sha512-5AIHYk8WKKKfXfxQW7i7V3DTQkDNqRcqAWyTy3KTs89qooOTj1o5VWkPOLjIxKOSGir6nUt8Aw8WXxAGn5nY6w==
  dependencies:
    prop-types "^15.6.0"

react-is@^16.13.1:
  version "16.13.1"
  resolved "https://registry.yarnpkg.com/react-is/-/react-is-16.13.1.tgz#789729a4dc36de2999dc156dd6c1d9c18cea56a4"
  integrity sha512-24e6ynE2H+OKt4kqsOvNd8kBpV65zoxbA4BVsEOB3ARVWQki/DHzaUoC5KuON/BiccDaCCTZBuOcfZs70kR8bQ==

react-native-maps@^1.5.0:
  version "1.5.0"
  resolved "https://registry.yarnpkg.com/react-native-maps/-/react-native-maps-1.5.0.tgz#c2dd01fd089217839dac771da2714b69999bf4ff"
  integrity sha512-tfU1AnyJk1Tj1pZKcplpARFc8zxaUkAMiPO8ThwiuVeXpNuRY3FZ3AHlZaKOOmqJ5Lyi3VXrBre2kRJY/jvQWw==
  dependencies:
    "@types/geojson" "^7946.0.10"

react-native-progress@^5.0.0:
  version "5.0.0"
  resolved "https://registry.yarnpkg.com/react-native-progress/-/react-native-progress-5.0.0.tgz#f5ac6ceaeee27f184c660b00f29419e82a9d0ab0"
  integrity sha512-KjnGIt3r9i5Kn2biOD9fXLJocf0bwxPRxOyAgXEnZTJQU2O+HyzgGFRCbM5h3izm9kKIkSc1txh8aGmMafCD9A==
  dependencies:
    prop-types "^15.7.2"

react-native-url-polyfill@^1.3.0:
  version "1.3.0"
  resolved "https://registry.yarnpkg.com/react-native-url-polyfill/-/react-native-url-polyfill-1.3.0.tgz#c1763de0f2a8c22cc3e959b654c8790622b6ef6a"
  integrity sha512-w9JfSkvpqqlix9UjDvJjm1EjSt652zVQ6iwCIj1cVVkwXf4jQhQgTNXY6EVTwuAmUjg6BC6k9RHCBynoLFo3IQ==
  dependencies:
    whatwg-url-without-unicode "8.0.0-3"

webidl-conversions@^5.0.0:
  version "5.0.0"
  resolved "https://registry.yarnpkg.com/webidl-conversions/-/webidl-conversions-5.0.0.tgz#ae59c8a00b121543a2acc65c0434f57b0fc11aff"
  integrity sha512-VlZwKPCkYKxQgeSbH5EyngOmRp7Ww7I9rQLERETtf5ofd9pGeswWiOtogpEO850jziPRarreGxn5QIiTqpb2wA==

whatwg-url-without-unicode@8.0.0-3:
  version "8.0.0-3"
  resolved "https://registry.yarnpkg.com/whatwg-url-without-unicode/-/whatwg-url-without-unicode-8.0.0-3.tgz#ab6df4bf6caaa6c85a59f6e82c026151d4bb376b"
  integrity sha512-HoKuzZrUlgpz35YO27XgD28uh/WJH4B0+3ttFqRo//lmq+9T/mIOJ6kqmINI9HpUpz1imRC/nR/lxKpJiv0uig==
  dependencies:
    buffer "^5.4.3"
    punycode "^2.1.1"
    webidl-conversions "^5.0.0"
